
Microsoft Visual Studio Solution File, Format Version 12.00
# Visual Studio Version 17
VisualStudioVersion = 17.13.35919.96 d17.13
MinimumVisualStudioVersion = 10.0.40219.1
Project("{FAE04EC0-301F-11D3-BF4B-00C04F79EFBC}") = "Solve Problems in LeetCode", "Solve Problems in LeetCode\Solve Problems in LeetCode.csproj", "{0D8969D0-6A00-4483-AC17-CDE4BE48F271}"
EndProject
Global
	GlobalSection(SolutionConfigurationPlatforms) = preSolution
		Debug|Any CPU = Debug|Any CPU
		Release|Any CPU = Release|Any CPU
	EndGlobalSection
	GlobalSection(ProjectConfigurationPlatforms) = postSolution
		{0D8969D0-6A00-4483-AC17-CDE4BE48F271}.Debug|Any CPU.ActiveCfg = Debug|Any CPU
		{0D8969D0-6A00-4483-AC17-CDE4BE48F271}.Debug|Any CPU.Build.0 = Debug|Any CPU
		{0D8969D0-6A00-4483-AC17-CDE4BE48F271}.Release|Any CPU.ActiveCfg = Release|Any CPU
		{0D8969D0-6A00-4483-AC17-CDE4BE48F271}.Release|Any CPU.Build.0 = Release|Any CPU
	EndGlobalSection
	GlobalSection(SolutionProperties) = preSolution
		HideSolutionNode = FALSE
	EndGlobalSection
	GlobalSection(ExtensibilityGlobals) = postSolution
		SolutionGuid = {BD654B5F-8A38-4362-BD06-FF46C4F26C95}
	EndGlobalSection
EndGlobal
